// !$*UTF8*$!
{
	archiveVersion = 1;
	classes = {
	};
	objectVersion = 50;
	objects = {

/* Begin PBXBuildFile section */
		13EBBA8F23F9209B00EF0654 /* AppDelegate.swift in Sources */ = {isa = PBXBuildFile; fileRef = 13EBBA8E23F9209B00EF0654 /* AppDelegate.swift */; };
		13EBBA9123F9209B00EF0654 /* SceneDelegate.swift in Sources */ = {isa = PBXBuildFile; fileRef = 13EBBA9023F9209B00EF0654 /* SceneDelegate.swift */; };
		13EBBA9323F9209B00EF0654 /* ViewController.swift in Sources */ = {isa = PBXBuildFile; fileRef = 13EBBA9223F9209B00EF0654 /* ViewController.swift */; };
		13EBBA9623F9209B00EF0654 /* Main.storyboard in Resources */ = {isa = PBXBuildFile; fileRef = 13EBBA9423F9209B00EF0654 /* Main.storyboard */; };
		13EBBA9823F920A100EF0654 /* Assets.xcassets in Resources */ = {isa = PBXBuildFile; fileRef = 13EBBA9723F920A100EF0654 /* Assets.xcassets */; };
		13EBBA9B23F920A100EF0654 /* LaunchScreen.storyboard in Resources */ = {isa = PBXBuildFile; fileRef = 13EBBA9923F920A100EF0654 /* LaunchScreen.storyboard */; };
		13EBBAA723F9522900EF0654 /* ZooninViewController.swift in Sources */ = {isa = PBXBuildFile; fileRef = 13EBBAA623F9522900EF0654 /* ZooninViewController.swift */; };
/* End PBXBuildFile section */

/* Begin PBXFileReference section */
		13EBBA8B23F9209B00EF0654 /* SlideshowAPP.app */ = {isa = PBXFileReference; explicitFileType = wrapper.application; includeInIndex = 0; path = SlideshowAPP.app; sourceTree = BUILT_PRODUCTS_DIR; };
		13EBBA8E23F9209B00EF0654 /* AppDelegate.swift */ = {isa = PBXFileReference; lastKnownFileType = sourcecode.swift; path = AppDelegate.swift; sourceTree = "<group>"; };
		13EBBA9023F9209B00EF0654 /* SceneDelegate.swift */ = {isa = PBXFileReference; lastKnownFileType = sourcecode.swift; path = SceneDelegate.swift; sourceTree = "<group>"; };
		13EBBA9223F9209B00EF0654 /* ViewController.swift */ = {isa = PBXFileReference; lastKnownFileType = sourcecode.swift; path = ViewController.swift; sourceTree = "<group>"; };
		13EBBA9523F9209B00EF0654 /* Base */ = {isa = PBXFileReference; lastKnownFileType = file.storyboard; name = Base; path = Base.lproj/Main.storyboard; sourceTree = "<group>"; };
		13EBBA9723F920A100EF0654 /* Assets.xcassets */ = {isa = PBXFileReference; lastKnownFileType = folder.assetcatalog; path = Assets.xcassets; sourceTree = "<group>"; };
		13EBBA9A23F920A100EF0654 /* Base */ = {isa = PBXFileReference; lastKnownFileType = file.storyboard; name = Base; path = Base.lproj/LaunchScreen.storyboard; sourceTree = "<group>"; };
		13EBBA9C23F920A200EF0654 /* Info.plist */ = {isa = PBXFileReference; lastKnownFileType = text.plist.xml; path = Info.plist; sourceTree = "<group>"; };
		13EBBAA623F9522900EF0654 /* ZooninViewController.swift */ = {isa = PBXFileReference; lastKnownFileType = sourcecode.swift; path = ZooninViewController.swift; sourceTree = "<group>"; };
/* End PBXFileReference section */

/* Begin PBXFrameworksBuildPhase section */
		13EBBA8823F9209B00EF0654 /* Frameworks */ = {
			isa = PBXFrameworksBuildPhase;
			buildActionMask = 2147483647;
			files = (
			);
			runOnlyForDeploymentPostprocessing = 0;
		};
/* End PBXFrameworksBuildPhase section */

/* Begin PBXGroup section */
		13EBBA8223F9209B00EF0654 = {
			isa = PBXGroup;
			children = (
				13EBBA8D23F9209B00EF0654 /* SlideshowAPP */,
				13EBBA8C23F9209B00EF0654 /* Products */,
			);
			sourceTree = "<group>";
		};
		13EBBA8C23F9209B00EF0654 /* Products */ = {
			isa = PBXGroup;
			children = (
				13EBBA8B23F9209B00EF0654 /* SlideshowAPP.app */,
			);
			name = Products;
			sourceTree = "<group>";
		};
		13EBBA8D23F9209B00EF0654 /* SlideshowAPP */ = {
			isa = PBXGroup;
			children = (
				13EBBA8E23F9209B00EF0654 /* AppDelegate.swift */,
				13EBBA9023F9209B00EF0654 /* SceneDelegate.swift */,
				13EBBA9223F9209B00EF0654 /* ViewController.swift */,
				13EBBAA623F9522900EF0654 /* ZooninViewController.swift */,
				13EBBA9423F9209B00EF0654 /* Main.storyboard */,
				13EBBA9723F920A100EF0654 /* Assets.xcassets */,
				13EBBA9923F920A100EF0654 /* LaunchScreen.storyboard */,
				13EBBA9C23F920A200EF0654 /* Info.plist */,
			);
			path = SlideshowAPP;
			sourceTree = "<group>";
		};
/* End PBXGroup section */

/* Begin PBXNativeTarget section */
		13EBBA8A23F9209B00EF0654 /* SlideshowAPP */ = {
			isa = PBXNativeTarget;
			buildConfigurationList = 13EBBA9F23F920A200EF0654 /* Build configuration list for PBXNativeTarget "SlideshowAPP" */;
			buildPhases = (
				13EBBA8723F9209B00EF0654 /* Sources */,
				13EBBA8823F9209B00EF0654 /* Frameworks */,
				13EBBA8923F9209B00EF0654 /* Resources */,
			);
			buildRules = (
			);
			dependencies = (
			);
			name = SlideshowAPP;
			productName = SlideshowAPP;
			productReference = 13EBBA8B23F9209B00EF0654 /* SlideshowAPP.app */;
			productType = "com.apple.product-type.application";
		};
/* End PBXNativeTarget section */

/* Begin PBXProject section */
		13EBBA8323F9209B00EF0654 /* Project object */ = {
			isa = PBXProject;
			attributes = {
				LastSwiftUpdateCheck = 1130;
				LastUpgradeCheck = 1130;
				ORGANIZATIONNAME = takuma.beppu;
				TargetAttributes = {
					13EBBA8A23F9209B00EF0654 = {
						CreatedOnToolsVersion = 11.3.1;
					};
				};
			};
			buildConfigurationList = 13EBBA8623F9209B00EF0654 /* Build configuration list for PBXProject "SlideshowAPP" */;
			compatibilityVersion = "Xcode 9.3";
			developmentRegion = en;
			hasScannedForEncodings = 0;
			knownRegions = (
				en,
				Base,
			);
			mainGroup = 13EBBA8223F9209B00EF0654;
			productRefGroup = 13EBBA8C23F9209B00EF0654 /* Products */;
			projectDirPath = "";
			projectRoot = "";
			targets = (
				13EBBA8A23F9209B00EF0654 /* SlideshowAPP */,
			);
		};
/* End PBXProject section */

/* Begin PBXResourcesBuildPhase section */
		13EBBA8923F9209B00EF0654 /* Resources */ = {
			isa = PBXResourcesBuildPhase;
			buildActionMask = 2147483647;
			files = (
				13EBBA9B23F920A100EF0654 /* LaunchScreen.storyboard in Resources */,
				13EBBA9823F920A100EF0654 /* Assets.xcassets in Resources */,
				13EBBA9623F9209B00EF0654 /* Main.storyboard in Resources */,
			);
			runOnlyForDeploymentPostprocessing = 0;
		};
/* End PBXResourcesBuildPhase section */

/* Begin PBXSourcesBuildPhase section */
		13EBBA8723F9209B00EF0654 /* Sources */ = {
			isa = PBXSourcesBuildPhase;
			buildActionMask = 2147483647;
			files = (
				13EBBA9323F9209B00EF0654 /* ViewController.swift in Sources */,
				13EBBAA723F9522900EF0654 /* ZooninViewController.swift in Sources */,
				13EBBA8F23F9209B00EF0654 /* AppDelegate.swift in Sources */,
				13EBBA9123F9209B00EF0654 /* SceneDelegate.swift in Sources */,
			);
			runOnlyForDeploymentPostprocessing = 0;
		};
/* End PBXSourcesBuildPhase section */

/* Begin PBXVariantGroup section */
		13EBBA9423F9209B00EF0654 /* Main.storyboard */ = {
			isa = PBXVariantGroup;
			children = (
				13EBBA9523F9209B00EF0654 /* Base */,
			);
			name = Main.storyboard;
			sourceTree = "<group>";
		};
		13EBBA9923F920A100EF0654 /* LaunchScreen.storyboard */ = {
			isa = PBXVariantGroup;
			children = (
				13EBBA9A23F920A100EF0654 /* Base */,
			);
			name = LaunchScreen.storyboard;
			sourceTree = "<group>";
		};
/* End PBXVariantGroup section */

/* Begin XCBuildConfiguration section */
		13EBBA9D23F920A200EF0654 /* Debug */ = {
			isa = XCBuildConfiguration;
			buildSettings = {
				ALWAYS_SEARCH_USER_PATHS = NO;
				CLANG_ANALYZER_NONNULL = YES;
				CLANG_ANALYZER_NUMBER_OBJECT_CONVERSION = YES_AGGRESSIVE;
				CLANG_CXX_LANGUAGE_STANDARD = "gnu++14";
				CLANG_CXX_LIBRARY = "libc++";
				CLANG_ENABLE_MODULES = YES;
				CLANG_ENABLE_OBJC_ARC = YES;
				CLANG_ENABLE_OBJC_WEAK = YES;
				CLANG_WARN_BLOCK_CAPTURE_AUTORELEASING = YES;
				CLANG_WARN_BOOL_CONVERSION = YES;
				CLANG_WARN_COMMA = YES;
				CLANG_WARN_CONSTANT_CONVERSION = YES;
				CLANG_WARN_DEPRECATED_OBJC_IMPLEMENTATIONS = YES;
				CLANG_WARN_DIRECT_OBJC_ISA_USAGE = YES_ERROR;
				CLANG_WARN_DOCUMENTATION_COMMENTS = YES;
				CLANG_WARN_EMPTY_BODY = YES;
				CLANG_WARN_ENUM_CONVERSION = YES;
				CLANG_WARN_INFINITE_RECURSION = YES;
				CLANG_WARN_INT_CONVERSION = YES;
				CLANG_WARN_NON_LITERAL_NULL_CONVERSION = YES;
				CLANG_WARN_OBJC_IMPLICIT_RETAIN_SELF = YES;
				CLANG_WARN_OBJC_LITERAL_CONVERSION = YES;
				CLANG_WARN_OBJC_ROOT_CLASS = YES_ERROR;
				CLANG_WARN_RANGE_LOOP_ANALYSIS = YES;
				CLANG_WARN_STRICT_PROTOTYPES = YES;
				CLANG_WARN_SUSPICIOUS_MOVE = YES;
				CLANG_WARN_UNGUARDED_AVAILABILITY = YES_AGGRESSIVE;
				CLANG_WARN_UNREACHABLE_CODE = YES;
				CLANG_WARN__DUPLICATE_METHOD_MATCH = YES;
				COPY_PHASE_STRIP = NO;
				DEBUG_INFORMATION_FORMAT = dwarf;
				ENABLE_STRICT_OBJC_MSGSEND = YES;
				ENABLE_TESTABILITY = YES;
				GCC_C_LANGUAGE_STANDARD = gnu11;
				GCC_DYNAMIC_NO_PIC = NO;
				GCC_NO_COMMON_BLOCKS = YES;
				GCC_OPTIMIZATION_LEVEL = 0;
				GCC_PREPROCESSOR_DEFINITIONS = (
					"DEBUG=1",
					"$(inherited)",
				);
				GCC_WARN_64_TO_32_BIT_CONVERSION = YES;
				GCC_WARN_ABOUT_RETURN_TYPE = YES_ERROR;
				GCC_WARN_UNDECLARED_SELECTOR = YES;
				GCC_WARN_UNINITIALIZED_AUTOS = YES_AGGRESSIVE;
				GCC_WARN_UNUSED_FUNCTION = YES;
				GCC_WARN_UNUSED_VARIABLE = YES;
				IPHONEOS_DEPLOYMENT_TARGET = 13.2;
				MTL_ENABLE_DEBUG_INFO = INCLUDE_SOURCE;
				MTL_FAST_MATH = YES;
				ONLY_ACTIVE_ARCH = YES;
				SDKROOT = iphoneos;
				SWIFT_ACTIVE_COMPILATION_CONDITIONS = DEBUG;
				SWIFT_OPTIMIZATION_LEVEL = "-Onone";
			};
			name = Debug;
		};
		13EBBA9E23F920A200EF0654 /* Release */ = {
			isa = XCBuildConfiguration;
			buildSettings = {
				ALWAYS_SEARCH_USER_PATHS = NO;
				CLANG_ANALYZER_NONNULL = YES;
				CLANG_ANALYZER_NUMBER_OBJECT_CONVERSION = YES_AGGRESSIVE;
				CLANG_CXX_LANGUAGE_STANDARD = "gnu++14";
				CLANG_CXX_LIBRARY = "libc++";
				CLANG_ENABLE_MODULES = YES;
				CLANG_ENABLE_OBJC_ARC = YES;
				CLANG_ENABLE_OBJC_WEAK = YES;
				CLANG_WARN_BLOCK_CAPTURE_AUTORELEASING = YES;
				CLANG_WARN_BOOL_CONVERSION = YES;
				CLANG_WARN_COMMA = YES;
				CLANG_WARN_CONSTANT_CONVERSION = YES;
				CLANG_WARN_DEPRECATED_OBJC_IMPLEMENTATIONS = YES;
				CLANG_WARN_DIRECT_OBJC_ISA_USAGE = YES_ERROR;
				CLANG_WARN_DOCUMENTATION_COMMENTS = YES;
				CLANG_WARN_EMPTY_BODY = YES;
				CLANG_WARN_ENUM_CONVERSION = YES;
				CLANG_WARN_INFINITE_RECURSION = YES;
				CLANG_WARN_INT_CONVERSION = YES;
				CLANG_WARN_NON_LITERAL_NULL_CONVERSION = YES;
				CLANG_WARN_OBJC_IMPLICIT_RETAIN_SELF = YES;
				CLANG_WARN_OBJC_LITERAL_CONVERSION = YES;
				CLANG_WARN_OBJC_ROOT_CLASS = YES_ERROR;
				CLANG_WARN_RANGE_LOOP_ANALYSIS = YES;
				CLANG_WARN_STRICT_PROTOTYPES = YES;
				CLANG_WARN_SUSPICIOUS_MOVE = YES;
				CLANG_WARN_UNGUARDED_AVAILABILITY = YES_AGGRESSIVE;
				CLANG_WARN_UNREACHABLE_CODE = YES;
				CLANG_WARN__DUPLICATE_METHOD_MATCH = YES;
				COPY_PHASE_STRIP = NO;
				DEBUG_INFORMATION_FORMAT = "dwarf-with-dsym";
				ENABLE_NS_ASSERTIONS = NO;
				ENABLE_STRICT_OBJC_MSGSEND = YES;
				GCC_C_LANGUAGE_STANDARD = gnu11;
				GCC_NO_COMMON_BLOCKS = YES;
				GCC_WARN_64_TO_32_BIT_CONVERSION = YES;
				GCC_WARN_ABOUT_RETURN_TYPE = YES_ERROR;
				GCC_WARN_UNDECLARED_SELECTOR = YES;
				GCC_WARN_UNINITIALIZED_AUTOS = YES_AGGRESSIVE;
				GCC_WARN_UNUSED_FUNCTION = YES;
				GCC_WARN_UNUSED_VARIABLE = YES;
				IPHONEOS_DEPLOYMENT_TARGET = 13.2;
				MTL_ENABLE_DEBUG_INFO = NO;
				MTL_FAST_MATH = YES;
				SDKROOT = iphoneos;
				SWIFT_COMPILATION_MODE = wholemodule;
				SWIFT_OPTIMIZATION_LEVEL = "-O";
				VALIDATE_PRODUCT = YES;
			};
			name = Release;
		};
		13EBBAA023F920A200EF0654 /* Debug */ = {
			isa = XCBuildConfiguration;
			buildSettings = {
				ASSETCATALOG_COMPILER_APPICON_NAME = AppIcon;
				CODE_SIGN_STYLE = Automatic;
				INFOPLIST_FILE = SlideshowAPP/Info.plist;
				LD_RUNPATH_SEARCH_PATHS = (
					"$(inherited)",
					"@executable_path/Frameworks",
				);
				PRODUCT_BUNDLE_IDENTIFIER = jp.techacademy.takuma.beppu.SlideshowAPP;
				PRODUCT_NAME = "$(TARGET_NAME)";
				SWIFT_VERSION = 5.0;
				TARGETED_DEVICE_FAMILY = "1,2";
			};
			name = Debug;
		};
		13EBBAA123F920A200EF0654 /* Release */ = {
			isa = XCBuildConfiguration;
			buildSettings = {
				ASSETCATALOG_COMPILER_APPICON_NAME = AppIcon;
				CODE_SIGN_STYLE = Automatic;
				INFOPLIST_FILE = SlideshowAPP/Info.plist;
				LD_RUNPATH_SEARCH_PATHS = (
					"$(inherited)",
					"@executable_path/Frameworks",
				);
				PRODUCT_BUNDLE_IDENTIFIER = jp.techacademy.takuma.beppu.SlideshowAPP;
				PRODUCT_NAME = "$(TARGET_NAME)";
				SWIFT_VERSION = 5.0;
				TARGETED_DEVICE_FAMILY = "1,2";
			};
			name = Release;
		};
/* End XCBuildConfiguration section */

/* Begin XCConfigurationList section */
		13EBBA8623F9209B00EF0654 /* Build configuration list for PBXProject "SlideshowAPP" */ = {
			isa = XCConfigurationList;
			buildConfigurations = (
				13EBBA9D23F920A200EF0654 /* Debug */,
				13EBBA9E23F920A200EF0654 /* Release */,
			);
			defaultConfigurationIsVisible = 0;
			defaultConfigurationName = Release;
		};
		13EBBA9F23F920A200EF0654 /* Build configuration list for PBXNativeTarget "SlideshowAPP" */ = {
			isa = XCConfigurationList;
			buildConfigurations = (
				13EBBAA023F920A200EF0654 /* Debug */,
				13EBBAA123F920A200EF0654 /* Release */,
			);
			defaultConfigurationIsVisible = 0;
			defaultConfigurationName = Release;
		};
/* End XCConfigurationList section */
	};
	rootObject = 13EBBA8323F9209B00EF0654 /* Project object */;
}
